
Microsoft Visual Studio Solution File, Format Version 12.00
# Visual Studio Version 16
VisualStudioVersion = 16.0.31402.337
MinimumVisualStudioVersion = 10.0.40219.1
Project("{FAE04EC0-301F-11D3-BF4B-00C04F79EFBC}") = "ITalentHexapawn", "ITalentHexapawn\ITalentHexapawn.csproj", "{C8ED0B37-2284-4DAC-AE3C-07357236158D}"
EndProject
Global
	GlobalSection(SolutionConfigurationPlatforms) = preSolution
		Debug|Any CPU = Debug|Any CPU
		Release|Any CPU = Release|Any CPU
	EndGlobalSection
	GlobalSection(ProjectConfigurationPlatforms) = postSolution
		{C8ED0B37-2284-4DAC-AE3C-07357236158D}.Debug|Any CPU.ActiveCfg = Debug|Any CPU
		{C8ED0B37-2284-4DAC-AE3C-07357236158D}.Debug|Any CPU.Build.0 = Debug|Any CPU
		{C8ED0B37-2284-4DAC-AE3C-07357236158D}.Release|Any CPU.ActiveCfg = Release|Any CPU
		{C8ED0B37-2284-4DAC-AE3C-07357236158D}.Release|Any CPU.Build.0 = Release|Any CPU
	EndGlobalSection
	GlobalSection(SolutionProperties) = preSolution
		HideSolutionNode = FALSE
	EndGlobalSection
	GlobalSection(ExtensibilityGlobals) = postSolution
		SolutionGuid = {C6901490-864A-411D-8685-78F8AA8C103A}
	EndGlobalSection
EndGlobal
